
Microsoft Visual Studio Solution File, Format Version 12.00
# Visual Studio Express 2012 for Web
Project("{FAE04EC0-301F-11D3-BF4B-00C04F79EFBC}") = "Line3MusicCode", "Line3MusicCode\Line3MusicCode.csproj", "{08328A18-788E-406C-A49D-1219318820FA}"
EndProject
Global
	GlobalSection(SolutionConfigurationPlatforms) = preSolution
		Debug|Any CPU = Debug|Any CPU
		Release|Any CPU = Release|Any CPU
	EndGlobalSection
	GlobalSection(ProjectConfigurationPlatforms) = postSolution
		{08328A18-788E-406C-A49D-1219318820FA}.Debug|Any CPU.ActiveCfg = Debug|Any CPU
		{08328A18-788E-406C-A49D-1219318820FA}.Debug|Any CPU.Build.0 = Debug|Any CPU
		{08328A18-788E-406C-A49D-1219318820FA}.Release|Any CPU.ActiveCfg = Release|Any CPU
		{08328A18-788E-406C-A49D-1219318820FA}.Release|Any CPU.Build.0 = Release|Any CPU
	EndGlobalSection
	GlobalSection(SolutionProperties) = preSolution
		HideSolutionNode = FALSE
	EndGlobalSection
EndGlobal
